// !$*UTF8*$!
{
	archiveVersion = 1;
	classes = {
	};
	objectVersion = 55;
	objects = {

/* Begin PBXBuildFile section */
		F462C6FA2839022600A26940 /* AppDelegate.swift in Sources */ = {isa = PBXBuildFile; fileRef = F462C6F92839022600A26940 /* AppDelegate.swift */; };
		F462C6FC2839022600A26940 /* SceneDelegate.swift in Sources */ = {isa = PBXBuildFile; fileRef = F462C6FB2839022600A26940 /* SceneDelegate.swift */; };
		F462C6FE2839022600A26940 /* ViewController.swift in Sources */ = {isa = PBXBuildFile; fileRef = F462C6FD2839022600A26940 /* ViewController.swift */; };
		F462C7012839022600A26940 /* Main.storyboard in Resources */ = {isa = PBXBuildFile; fileRef = F462C6FF2839022600A26940 /* Main.storyboard */; };
		F462C7032839022900A26940 /* Assets.xcassets in Resources */ = {isa = PBXBuildFile; fileRef = F462C7022839022900A26940 /* Assets.xcassets */; };
		F462C7062839022900A26940 /* LaunchScreen.storyboard in Resources */ = {isa = PBXBuildFile; fileRef = F462C7042839022900A26940 /* LaunchScreen.storyboard */; };
		F462C7112839022900A26940 /* DelegateExaTests.swift in Sources */ = {isa = PBXBuildFile; fileRef = F462C7102839022900A26940 /* DelegateExaTests.swift */; };
		F462C71B2839022900A26940 /* DelegateExaUITests.swift in Sources */ = {isa = PBXBuildFile; fileRef = F462C71A2839022900A26940 /* DelegateExaUITests.swift */; };
		F462C71D2839022900A26940 /* DelegateExaUITestsLaunchTests.swift in Sources */ = {isa = PBXBuildFile; fileRef = F462C71C2839022900A26940 /* DelegateExaUITestsLaunchTests.swift */; };
		F462C72A2839027600A26940 /* DummyController.swift in Sources */ = {isa = PBXBuildFile; fileRef = F462C7292839027600A26940 /* DummyController.swift */; };
/* End PBXBuildFile section */

/* Begin PBXContainerItemProxy section */
		F462C70D2839022900A26940 /* PBXContainerItemProxy */ = {
			isa = PBXContainerItemProxy;
			containerPortal = F462C6EE2839022600A26940 /* Project object */;
			proxyType = 1;
			remoteGlobalIDString = F462C6F52839022600A26940;
			remoteInfo = DelegateExa;
		};
		F462C7172839022900A26940 /* PBXContainerItemProxy */ = {
			isa = PBXContainerItemProxy;
			containerPortal = F462C6EE2839022600A26940 /* Project object */;
			proxyType = 1;
			remoteGlobalIDString = F462C6F52839022600A26940;
			remoteInfo = DelegateExa;
		};
/* End PBXContainerItemProxy section */

/* Begin PBXFileReference section */
		F462C6F62839022600A26940 /* DelegateExa.app */ = {isa = PBXFileReference; explicitFileType = wrapper.application; includeInIndex = 0; path = DelegateExa.app; sourceTree = BUILT_PRODUCTS_DIR; };
		F462C6F92839022600A26940 /* AppDelegate.swift */ = {isa = PBXFileReference; lastKnownFileType = sourcecode.swift; path = AppDelegate.swift; sourceTree = "<group>"; };
		F462C6FB2839022600A26940 /* SceneDelegate.swift */ = {isa = PBXFileReference; lastKnownFileType = sourcecode.swift; path = SceneDelegate.swift; sourceTree = "<group>"; };
		F462C6FD2839022600A26940 /* ViewController.swift */ = {isa = PBXFileReference; lastKnownFileType = sourcecode.swift; path = ViewController.swift; sourceTree = "<group>"; };
		F462C7002839022600A26940 /* Base */ = {isa = PBXFileReference; lastKnownFileType = file.storyboard; name = Base; path = Base.lproj/Main.storyboard; sourceTree = "<group>"; };
		F462C7022839022900A26940 /* Assets.xcassets */ = {isa = PBXFileReference; lastKnownFileType = folder.assetcatalog; path = Assets.xcassets; sourceTree = "<group>"; };
		F462C7052839022900A26940 /* Base */ = {isa = PBXFileReference; lastKnownFileType = file.storyboard; name = Base; path = Base.lproj/LaunchScreen.storyboard; sourceTree = "<group>"; };
		F462C7072839022900A26940 /* Info.plist */ = {isa = PBXFileReference; lastKnownFileType = text.plist.xml; path = Info.plist; sourceTree = "<group>"; };
		F462C70C2839022900A26940 /* DelegateExaTests.xctest */ = {isa = PBXFileReference; explicitFileType = wrapper.cfbundle; includeInIndex = 0; path = DelegateExaTests.xctest; sourceTree = BUILT_PRODUCTS_DIR; };
		F462C7102839022900A26940 /* DelegateExaTests.swift */ = {isa = PBXFileReference; lastKnownFileType = sourcecode.swift; path = DelegateExaTests.swift; sourceTree = "<group>"; };
		F462C7162839022900A26940 /* DelegateExaUITests.xctest */ = {isa = PBXFileReference; explicitFileType = wrapper.cfbundle; includeInIndex = 0; path = DelegateExaUITests.xctest; sourceTree = BUILT_PRODUCTS_DIR; };
		F462C71A2839022900A26940 /* DelegateExaUITests.swift */ = {isa = PBXFileReference; lastKnownFileType = sourcecode.swift; path = DelegateExaUITests.swift; sourceTree = "<group>"; };
		F462C71C2839022900A26940 /* DelegateExaUITestsLaunchTests.swift */ = {isa = PBXFileReference; lastKnownFileType = sourcecode.swift; path = DelegateExaUITestsLaunchTests.swift; sourceTree = "<group>"; };
		F462C7292839027600A26940 /* DummyController.swift */ = {isa = PBXFileReference; lastKnownFileType = sourcecode.swift; path = DummyController.swift; sourceTree = "<group>"; };
/* End PBXFileReference section */

/* Begin PBXFrameworksBuildPhase section */
		F462C6F32839022600A26940 /* Frameworks */ = {
			isa = PBXFrameworksBuildPhase;
			buildActionMask = 2147483647;
			files = (
			);
			runOnlyForDeploymentPostprocessing = 0;
		};
		F462C7092839022900A26940 /* Frameworks */ = {
			isa = PBXFrameworksBuildPhase;
			buildActionMask = 2147483647;
			files = (
			);
			runOnlyForDeploymentPostprocessing = 0;
		};
		F462C7132839022900A26940 /* Frameworks */ = {
			isa = PBXFrameworksBuildPhase;
			buildActionMask = 2147483647;
			files = (
			);
			runOnlyForDeploymentPostprocessing = 0;
		};
/* End PBXFrameworksBuildPhase section */

/* Begin PBXGroup section */
		F462C6ED2839022600A26940 = {
			isa = PBXGroup;
			children = (
				F462C6F82839022600A26940 /* DelegateExa */,
				F462C70F2839022900A26940 /* DelegateExaTests */,
				F462C7192839022900A26940 /* DelegateExaUITests */,
				F462C6F72839022600A26940 /* Products */,
			);
			sourceTree = "<group>";
		};
		F462C6F72839022600A26940 /* Products */ = {
			isa = PBXGroup;
			children = (
				F462C6F62839022600A26940 /* DelegateExa.app */,
				F462C70C2839022900A26940 /* DelegateExaTests.xctest */,
				F462C7162839022900A26940 /* DelegateExaUITests.xctest */,
			);
			name = Products;
			sourceTree = "<group>";
		};
		F462C6F82839022600A26940 /* DelegateExa */ = {
			isa = PBXGroup;
			children = (
				F462C6F92839022600A26940 /* AppDelegate.swift */,
				F462C6FB2839022600A26940 /* SceneDelegate.swift */,
				F462C6FD2839022600A26940 /* ViewController.swift */,
				F462C7292839027600A26940 /* DummyController.swift */,
				F462C6FF2839022600A26940 /* Main.storyboard */,
				F462C7022839022900A26940 /* Assets.xcassets */,
				F462C7042839022900A26940 /* LaunchScreen.storyboard */,
				F462C7072839022900A26940 /* Info.plist */,
			);
			path = DelegateExa;
			sourceTree = "<group>";
		};
		F462C70F2839022900A26940 /* DelegateExaTests */ = {
			isa = PBXGroup;
			children = (
				F462C7102839022900A26940 /* DelegateExaTests.swift */,
			);
			path = DelegateExaTests;
			sourceTree = "<group>";
		};
		F462C7192839022900A26940 /* DelegateExaUITests */ = {
			isa = PBXGroup;
			children = (
				F462C71A2839022900A26940 /* DelegateExaUITests.swift */,
				F462C71C2839022900A26940 /* DelegateExaUITestsLaunchTests.swift */,
			);
			path = DelegateExaUITests;
			sourceTree = "<group>";
		};
/* End PBXGroup section */

/* Begin PBXNativeTarget section */
		F462C6F52839022600A26940 /* DelegateExa */ = {
			isa = PBXNativeTarget;
			buildConfigurationList = F462C7202839022900A26940 /* Build configuration list for PBXNativeTarget "DelegateExa" */;
			buildPhases = (
				F462C6F22839022600A26940 /* Sources */,
				F462C6F32839022600A26940 /* Frameworks */,
				F462C6F42839022600A26940 /* Resources */,
			);
			buildRules = (
			);
			dependencies = (
			);
			name = DelegateExa;
			productName = DelegateExa;
			productReference = F462C6F62839022600A26940 /* DelegateExa.app */;
			productType = "com.apple.product-type.application";
		};
		F462C70B2839022900A26940 /* DelegateExaTests */ = {
			isa = PBXNativeTarget;
			buildConfigurationList = F462C7232839022900A26940 /* Build configuration list for PBXNativeTarget "DelegateExaTests" */;
			buildPhases = (
				F462C7082839022900A26940 /* Sources */,
				F462C7092839022900A26940 /* Frameworks */,
				F462C70A2839022900A26940 /* Resources */,
			);
			buildRules = (
			);
			dependencies = (
				F462C70E2839022900A26940 /* PBXTargetDependency */,
			);
			name = DelegateExaTests;
			productName = DelegateExaTests;
			productReference = F462C70C2839022900A26940 /* DelegateExaTests.xctest */;
			productType = "com.apple.product-type.bundle.unit-test";
		};
		F462C7152839022900A26940 /* DelegateExaUITests */ = {
			isa = PBXNativeTarget;
			buildConfigurationList = F462C7262839022900A26940 /* Build configuration list for PBXNativeTarget "DelegateExaUITests" */;
			buildPhases = (
				F462C7122839022900A26940 /* Sources */,
				F462C7132839022900A26940 /* Frameworks */,
				F462C7142839022900A26940 /* Resources */,
			);
			buildRules = (
			);
			dependencies = (
				F462C7182839022900A26940 /* PBXTargetDependency */,
			);
			name = DelegateExaUITests;
			productName = DelegateExaUITests;
			productReference = F462C7162839022900A26940 /* DelegateExaUITests.xctest */;
			productType = "com.apple.product-type.bundle.ui-testing";
		};
/* End PBXNativeTarget section */

/* Begin PBXProject section */
		F462C6EE2839022600A26940 /* Project object */ = {
			isa = PBXProject;
			attributes = {
				BuildIndependentTargetsInParallel = 1;
				LastSwiftUpdateCheck = 1340;
				LastUpgradeCheck = 1340;
				TargetAttributes = {
					F462C6F52839022600A26940 = {
						CreatedOnToolsVersion = 13.4;
					};
					F462C70B2839022900A26940 = {
						CreatedOnToolsVersion = 13.4;
						TestTargetID = F462C6F52839022600A26940;
					};
					F462C7152839022900A26940 = {
						CreatedOnToolsVersion = 13.4;
						TestTargetID = F462C6F52839022600A26940;
					};
				};
			};
			buildConfigurationList = F462C6F12839022600A26940 /* Build configuration list for PBXProject "DelegateExa" */;
			compatibilityVersion = "Xcode 13.0";
			developmentRegion = en;
			hasScannedForEncodings = 0;
			knownRegions = (
				en,
				Base,
			);
			mainGroup = F462C6ED2839022600A26940;
			productRefGroup = F462C6F72839022600A26940 /* Products */;
			projectDirPath = "";
			projectRoot = "";
			targets = (
				F462C6F52839022600A26940 /* DelegateExa */,
				F462C70B2839022900A26940 /* DelegateExaTests */,
				F462C7152839022900A26940 /* DelegateExaUITests */,
			);
		};
/* End PBXProject section */

/* Begin PBXResourcesBuildPhase section */
		F462C6F42839022600A26940 /* Resources */ = {
			isa = PBXResourcesBuildPhase;
			buildActionMask = 2147483647;
			files = (
				F462C7062839022900A26940 /* LaunchScreen.storyboard in Resources */,
				F462C7032839022900A26940 /* Assets.xcassets in Resources */,
				F462C7012839022600A26940 /* Main.storyboard in Resources */,
			);
			runOnlyForDeploymentPostprocessing = 0;
		};
		F462C70A2839022900A26940 /* Resources */ = {
			isa = PBXResourcesBuildPhase;
			buildActionMask = 2147483647;
			files = (
			);
			runOnlyForDeploymentPostprocessing = 0;
		};
		F462C7142839022900A26940 /* Resources */ = {
			isa = PBXResourcesBuildPhase;
			buildActionMask = 2147483647;
			files = (
			);
			runOnlyForDeploymentPostprocessing = 0;
		};
/* End PBXResourcesBuildPhase section */

/* Begin PBXSourcesBuildPhase section */
		F462C6F22839022600A26940 /* Sources */ = {
			isa = PBXSourcesBuildPhase;
			buildActionMask = 2147483647;
			files = (
				F462C72A2839027600A26940 /* DummyController.swift in Sources */,
				F462C6FE2839022600A26940 /* ViewController.swift in Sources */,
				F462C6FA2839022600A26940 /* AppDelegate.swift in Sources */,
				F462C6FC2839022600A26940 /* SceneDelegate.swift in Sources */,
			);
			runOnlyForDeploymentPostprocessing = 0;
		};
		F462C7082839022900A26940 /* Sources */ = {
			isa = PBXSourcesBuildPhase;
			buildActionMask = 2147483647;
			files = (
				F462C7112839022900A26940 /* DelegateExaTests.swift in Sources */,
			);
			runOnlyForDeploymentPostprocessing = 0;
		};
		F462C7122839022900A26940 /* Sources */ = {
			isa = PBXSourcesBuildPhase;
			buildActionMask = 2147483647;
			files = (
				F462C71D2839022900A26940 /* DelegateExaUITestsLaunchTests.swift in Sources */,
				F462C71B2839022900A26940 /* DelegateExaUITests.swift in Sources */,
			);
			runOnlyForDeploymentPostprocessing = 0;
		};
/* End PBXSourcesBuildPhase section */

/* Begin PBXTargetDependency section */
		F462C70E2839022900A26940 /* PBXTargetDependency */ = {
			isa = PBXTargetDependency;
			target = F462C6F52839022600A26940 /* DelegateExa */;
			targetProxy = F462C70D2839022900A26940 /* PBXContainerItemProxy */;
		};
		F462C7182839022900A26940 /* PBXTargetDependency */ = {
			isa = PBXTargetDependency;
			target = F462C6F52839022600A26940 /* DelegateExa */;
			targetProxy = F462C7172839022900A26940 /* PBXContainerItemProxy */;
		};
/* End PBXTargetDependency section */

/* Begin PBXVariantGroup section */
		F462C6FF2839022600A26940 /* Main.storyboard */ = {
			isa = PBXVariantGroup;
			children = (
				F462C7002839022600A26940 /* Base */,
			);
			name = Main.storyboard;
			sourceTree = "<group>";
		};
		F462C7042839022900A26940 /* LaunchScreen.storyboard */ = {
			isa = PBXVariantGroup;
			children = (
				F462C7052839022900A26940 /* Base */,
			);
			name = LaunchScreen.storyboard;
			sourceTree = "<group>";
		};
/* End PBXVariantGroup section */

/* Begin XCBuildConfiguration section */
		F462C71E2839022900A26940 /* Debug */ = {
			isa = XCBuildConfiguration;
			buildSettings = {
				ALWAYS_SEARCH_USER_PATHS = NO;
				CLANG_ANALYZER_NONNULL = YES;
				CLANG_ANALYZER_NUMBER_OBJECT_CONVERSION = YES_AGGRESSIVE;
				CLANG_CXX_LANGUAGE_STANDARD = "gnu++17";
				CLANG_ENABLE_MODULES = YES;
				CLANG_ENABLE_OBJC_ARC = YES;
				CLANG_ENABLE_OBJC_WEAK = YES;
				CLANG_WARN_BLOCK_CAPTURE_AUTORELEASING = YES;
				CLANG_WARN_BOOL_CONVERSION = YES;
				CLANG_WARN_COMMA = YES;
				CLANG_WARN_CONSTANT_CONVERSION = YES;
				CLANG_WARN_DEPRECATED_OBJC_IMPLEMENTATIONS = YES;
				CLANG_WARN_DIRECT_OBJC_ISA_USAGE = YES_ERROR;
				CLANG_WARN_DOCUMENTATION_COMMENTS = YES;
				CLANG_WARN_EMPTY_BODY = YES;
				CLANG_WARN_ENUM_CONVERSION = YES;
				CLANG_WARN_INFINITE_RECURSION = YES;
				CLANG_WARN_INT_CONVERSION = YES;
				CLANG_WARN_NON_LITERAL_NULL_CONVERSION = YES;
				CLANG_WARN_OBJC_IMPLICIT_RETAIN_SELF = YES;
				CLANG_WARN_OBJC_LITERAL_CONVERSION = YES;
				CLANG_WARN_OBJC_ROOT_CLASS = YES_ERROR;
				CLANG_WARN_QUOTED_INCLUDE_IN_FRAMEWORK_HEADER = YES;
				CLANG_WARN_RANGE_LOOP_ANALYSIS = YES;
				CLANG_WARN_STRICT_PROTOTYPES = YES;
				CLANG_WARN_SUSPICIOUS_MOVE = YES;
				CLANG_WARN_UNGUARDED_AVAILABILITY = YES_AGGRESSIVE;
				CLANG_WARN_UNREACHABLE_CODE = YES;
				CLANG_WARN__DUPLICATE_METHOD_MATCH = YES;
				COPY_PHASE_STRIP = NO;
				DEBUG_INFORMATION_FORMAT = dwarf;
				ENABLE_STRICT_OBJC_MSGSEND = YES;
				ENABLE_TESTABILITY = YES;
				GCC_C_LANGUAGE_STANDARD = gnu11;
				GCC_DYNAMIC_NO_PIC = NO;
				GCC_NO_COMMON_BLOCKS = YES;
				GCC_OPTIMIZATION_LEVEL = 0;
				GCC_PREPROCESSOR_DEFINITIONS = (
					"DEBUG=1",
					"$(inherited)",
				);
				GCC_WARN_64_TO_32_BIT_CONVERSION = YES;
				GCC_WARN_ABOUT_RETURN_TYPE = YES_ERROR;
				GCC_WARN_UNDECLARED_SELECTOR = YES;
				GCC_WARN_UNINITIALIZED_AUTOS = YES_AGGRESSIVE;
				GCC_WARN_UNUSED_FUNCTION = YES;
				GCC_WARN_UNUSED_VARIABLE = YES;
				IPHONEOS_DEPLOYMENT_TARGET = 15.5;
				MTL_ENABLE_DEBUG_INFO = INCLUDE_SOURCE;
				MTL_FAST_MATH = YES;
				ONLY_ACTIVE_ARCH = YES;
				SDKROOT = iphoneos;
				SWIFT_ACTIVE_COMPILATION_CONDITIONS = DEBUG;
				SWIFT_OPTIMIZATION_LEVEL = "-Onone";
			};
			name = Debug;
		};
		F462C71F2839022900A26940 /* Release */ = {
			isa = XCBuildConfiguration;
			buildSettings = {
				ALWAYS_SEARCH_USER_PATHS = NO;
				CLANG_ANALYZER_NONNULL = YES;
				CLANG_ANALYZER_NUMBER_OBJECT_CONVERSION = YES_AGGRESSIVE;
				CLANG_CXX_LANGUAGE_STANDARD = "gnu++17";
				CLANG_ENABLE_MODULES = YES;
				CLANG_ENABLE_OBJC_ARC = YES;
				CLANG_ENABLE_OBJC_WEAK = YES;
				CLANG_WARN_BLOCK_CAPTURE_AUTORELEASING = YES;
				CLANG_WARN_BOOL_CONVERSION = YES;
				CLANG_WARN_COMMA = YES;
				CLANG_WARN_CONSTANT_CONVERSION = YES;
				CLANG_WARN_DEPRECATED_OBJC_IMPLEMENTATIONS = YES;
				CLANG_WARN_DIRECT_OBJC_ISA_USAGE = YES_ERROR;
				CLANG_WARN_DOCUMENTATION_COMMENTS = YES;
				CLANG_WARN_EMPTY_BODY = YES;
				CLANG_WARN_ENUM_CONVERSION = YES;
				CLANG_WARN_INFINITE_RECURSION = YES;
				CLANG_WARN_INT_CONVERSION = YES;
				CLANG_WARN_NON_LITERAL_NULL_CONVERSION = YES;
				CLANG_WARN_OBJC_IMPLICIT_RETAIN_SELF = YES;
				CLANG_WARN_OBJC_LITERAL_CONVERSION = YES;
				CLANG_WARN_OBJC_ROOT_CLASS = YES_ERROR;
				CLANG_WARN_QUOTED_INCLUDE_IN_FRAMEWORK_HEADER = YES;
				CLANG_WARN_RANGE_LOOP_ANALYSIS = YES;
				CLANG_WARN_STRICT_PROTOTYPES = YES;
				CLANG_WARN_SUSPICIOUS_MOVE = YES;
				CLANG_WARN_UNGUARDED_AVAILABILITY = YES_AGGRESSIVE;
				CLANG_WARN_UNREACHABLE_CODE = YES;
				CLANG_WARN__DUPLICATE_METHOD_MATCH = YES;
				COPY_PHASE_STRIP = NO;
				DEBUG_INFORMATION_FORMAT = "dwarf-with-dsym";
				ENABLE_NS_ASSERTIONS = NO;
				ENABLE_STRICT_OBJC_MSGSEND = YES;
				GCC_C_LANGUAGE_STANDARD = gnu11;
				GCC_NO_COMMON_BLOCKS = YES;
				GCC_WARN_64_TO_32_BIT_CONVERSION = YES;
				GCC_WARN_ABOUT_RETURN_TYPE = YES_ERROR;
				GCC_WARN_UNDECLARED_SELECTOR = YES;
				GCC_WARN_UNINITIALIZED_AUTOS = YES_AGGRESSIVE;
				GCC_WARN_UNUSED_FUNCTION = YES;
				GCC_WARN_UNUSED_VARIABLE = YES;
				IPHONEOS_DEPLOYMENT_TARGET = 15.5;
				MTL_ENABLE_DEBUG_INFO = NO;
				MTL_FAST_MATH = YES;
				SDKROOT = iphoneos;
				SWIFT_COMPILATION_MODE = wholemodule;
				SWIFT_OPTIMIZATION_LEVEL = "-O";
				VALIDATE_PRODUCT = YES;
			};
			name = Release;
		};
		F462C7212839022900A26940 /* Debug */ = {
			isa = XCBuildConfiguration;
			buildSettings = {
				ASSETCATALOG_COMPILER_APPICON_NAME = AppIcon;
				ASSETCATALOG_COMPILER_GLOBAL_ACCENT_COLOR_NAME = AccentColor;
				CODE_SIGN_STYLE = Automatic;
				CURRENT_PROJECT_VERSION = 1;
				GENERATE_INFOPLIST_FILE = YES;
				INFOPLIST_FILE = DelegateExa/Info.plist;
				INFOPLIST_KEY_UIApplicationSupportsIndirectInputEvents = YES;
				INFOPLIST_KEY_UILaunchStoryboardName = LaunchScreen;
				INFOPLIST_KEY_UIMainStoryboardFile = Main;
				INFOPLIST_KEY_UISupportedInterfaceOrientations_iPad = "UIInterfaceOrientationPortrait UIInterfaceOrientationPortraitUpsideDown UIInterfaceOrientationLandscapeLeft UIInterfaceOrientationLandscapeRight";
				INFOPLIST_KEY_UISupportedInterfaceOrientations_iPhone = "UIInterfaceOrientationPortrait UIInterfaceOrientationLandscapeLeft UIInterfaceOrientationLandscapeRight";
				LD_RUNPATH_SEARCH_PATHS = (
					"$(inherited)",
					"@executable_path/Frameworks",
				);
				MARKETING_VERSION = 1.0;
				PRODUCT_BUNDLE_IDENTIFIER = app.DelegateExa;
				PRODUCT_NAME = "$(TARGET_NAME)";
				SWIFT_EMIT_LOC_STRINGS = YES;
				SWIFT_VERSION = 5.0;
				TARGETED_DEVICE_FAMILY = "1,2";
			};
			name = Debug;
		};
		F462C7222839022900A26940 /* Release */ = {
			isa = XCBuildConfiguration;
			buildSettings = {
				ASSETCATALOG_COMPILER_APPICON_NAME = AppIcon;
				ASSETCATALOG_COMPILER_GLOBAL_ACCENT_COLOR_NAME = AccentColor;
				CODE_SIGN_STYLE = Automatic;
				CURRENT_PROJECT_VERSION = 1;
				GENERATE_INFOPLIST_FILE = YES;
				INFOPLIST_FILE = DelegateExa/Info.plist;
				INFOPLIST_KEY_UIApplicationSupportsIndirectInputEvents = YES;
				INFOPLIST_KEY_UILaunchStoryboardName = LaunchScreen;
				INFOPLIST_KEY_UIMainStoryboardFile = Main;
				INFOPLIST_KEY_UISupportedInterfaceOrientations_iPad = "UIInterfaceOrientationPortrait UIInterfaceOrientationPortraitUpsideDown UIInterfaceOrientationLandscapeLeft UIInterfaceOrientationLandscapeRight";
				INFOPLIST_KEY_UISupportedInterfaceOrientations_iPhone = "UIInterfaceOrientationPortrait UIInterfaceOrientationLandscapeLeft UIInterfaceOrientationLandscapeRight";
				LD_RUNPATH_SEARCH_PATHS = (
					"$(inherited)",
					"@executable_path/Frameworks",
				);
				MARKETING_VERSION = 1.0;
				PRODUCT_BUNDLE_IDENTIFIER = app.DelegateExa;
				PRODUCT_NAME = "$(TARGET_NAME)";
				SWIFT_EMIT_LOC_STRINGS = YES;
				SWIFT_VERSION = 5.0;
				TARGETED_DEVICE_FAMILY = "1,2";
			};
			name = Release;
		};
		F462C7242839022900A26940 /* Debug */ = {
			isa = XCBuildConfiguration;
			buildSettings = {
				ALWAYS_EMBED_SWIFT_STANDARD_LIBRARIES = YES;
				BUNDLE_LOADER = "$(TEST_HOST)";
				CODE_SIGN_STYLE = Automatic;
				CURRENT_PROJECT_VERSION = 1;
				GENERATE_INFOPLIST_FILE = YES;
				IPHONEOS_DEPLOYMENT_TARGET = 15.5;
				MARKETING_VERSION = 1.0;
				PRODUCT_BUNDLE_IDENTIFIER = app.DelegateExaTests;
				PRODUCT_NAME = "$(TARGET_NAME)";
				SWIFT_EMIT_LOC_STRINGS = NO;
				SWIFT_VERSION = 5.0;
				TARGETED_DEVICE_FAMILY = "1,2";
				TEST_HOST = "$(BUILT_PRODUCTS_DIR)/DelegateExa.app/DelegateExa";
			};
			name = Debug;
		};
		F462C7252839022900A26940 /* Release */ = {
			isa = XCBuildConfiguration;
			buildSettings = {
				ALWAYS_EMBED_SWIFT_STANDARD_LIBRARIES = YES;
				BUNDLE_LOADER = "$(TEST_HOST)";
				CODE_SIGN_STYLE = Automatic;
				CURRENT_PROJECT_VERSION = 1;
				GENERATE_INFOPLIST_FILE = YES;
				IPHONEOS_DEPLOYMENT_TARGET = 15.5;
				MARKETING_VERSION = 1.0;
				PRODUCT_BUNDLE_IDENTIFIER = app.DelegateExaTests;
				PRODUCT_NAME = "$(TARGET_NAME)";
				SWIFT_EMIT_LOC_STRINGS = NO;
				SWIFT_VERSION = 5.0;
				TARGETED_DEVICE_FAMILY = "1,2";
				TEST_HOST = "$(BUILT_PRODUCTS_DIR)/DelegateExa.app/DelegateExa";
			};
			name = Release;
		};
		F462C7272839022900A26940 /* Debug */ = {
			isa = XCBuildConfiguration;
			buildSettings = {
				ALWAYS_EMBED_SWIFT_STANDARD_LIBRARIES = YES;
				CODE_SIGN_STYLE = Automatic;
				CURRENT_PROJECT_VERSION = 1;
				GENERATE_INFOPLIST_FILE = YES;
				MARKETING_VERSION = 1.0;
				PRODUCT_BUNDLE_IDENTIFIER = app.DelegateExaUITests;
				PRODUCT_NAME = "$(TARGET_NAME)";
				SWIFT_EMIT_LOC_STRINGS = NO;
				SWIFT_VERSION = 5.0;
				TARGETED_DEVICE_FAMILY = "1,2";
				TEST_TARGET_NAME = DelegateExa;
			};
			name = Debug;
		};
		F462C7282839022900A26940 /* Release */ = {
			isa = XCBuildConfiguration;
			buildSettings = {
				ALWAYS_EMBED_SWIFT_STANDARD_LIBRARIES = YES;
				CODE_SIGN_STYLE = Automatic;
				CURRENT_PROJECT_VERSION = 1;
				GENERATE_INFOPLIST_FILE = YES;
				MARKETING_VERSION = 1.0;
				PRODUCT_BUNDLE_IDENTIFIER = app.DelegateExaUITests;
				PRODUCT_NAME = "$(TARGET_NAME)";
				SWIFT_EMIT_LOC_STRINGS = NO;
				SWIFT_VERSION = 5.0;
				TARGETED_DEVICE_FAMILY = "1,2";
				TEST_TARGET_NAME = DelegateExa;
			};
			name = Release;
		};
/* End XCBuildConfiguration section */

/* Begin XCConfigurationList section */
		F462C6F12839022600A26940 /* Build configuration list for PBXProject "DelegateExa" */ = {
			isa = XCConfigurationList;
			buildConfigurations = (
				F462C71E2839022900A26940 /* Debug */,
				F462C71F2839022900A26940 /* Release */,
			);
			defaultConfigurationIsVisible = 0;
			defaultConfigurationName = Release;
		};
		F462C7202839022900A26940 /* Build configuration list for PBXNativeTarget "DelegateExa" */ = {
			isa = XCConfigurationList;
			buildConfigurations = (
				F462C7212839022900A26940 /* Debug */,
				F462C7222839022900A26940 /* Release */,
			);
			defaultConfigurationIsVisible = 0;
			defaultConfigurationName = Release;
		};
		F462C7232839022900A26940 /* Build configuration list for PBXNativeTarget "DelegateExaTests" */ = {
			isa = XCConfigurationList;
			buildConfigurations = (
				F462C7242839022900A26940 /* Debug */,
				F462C7252839022900A26940 /* Release */,
			);
			defaultConfigurationIsVisible = 0;
			defaultConfigurationName = Release;
		};
		F462C7262839022900A26940 /* Build configuration list for PBXNativeTarget "DelegateExaUITests" */ = {
			isa = XCConfigurationList;
			buildConfigurations = (
				F462C7272839022900A26940 /* Debug */,
				F462C7282839022900A26940 /* Release */,
			);
			defaultConfigurationIsVisible = 0;
			defaultConfigurationName = Release;
		};
/* End XCConfigurationList section */
	};
	rootObject = F462C6EE2839022600A26940 /* Project object */;
}
